
Microsoft Visual Studio Solution File, Format Version 12.00
# Visual Studio 14
VisualStudioVersion = 14.0.25420.1
MinimumVisualStudioVersion = 10.0.40219.1
Project("{FAE04EC0-301F-11D3-BF4B-00C04F79EFBC}") = "CustomControl.Droid", "CustomControl\CustomControl.Droid\CustomControl.Droid.csproj", "{745BFE9A-8BF0-4789-B62E-C5960C5BCDD2}"
EndProject
Project("{FAE04EC0-301F-11D3-BF4B-00C04F79EFBC}") = "CustomControl.iOS", "CustomControl\CustomControl.iOS\CustomControl.iOS.csproj", "{ADC645F2-CB77-4564-8F09-7450A7C6E2E9}"
EndProject
Project("{FAE04EC0-301F-11D3-BF4B-00C04F79EFBC}") = "Phoneword", "Phoneword\Phoneword\Phoneword.csproj", "{F98C6FE6-0253-4B61-B837-501A80866205}"
EndProject
Project("{FAE04EC0-301F-11D3-BF4B-00C04F79EFBC}") = "Phoneword.Droid", "Phoneword\Phoneword.Droid\Phoneword.Droid.csproj", "{9F4C62AF-32B4-470E-B87E-9A997CFA3CD0}"
EndProject
Project("{FAE04EC0-301F-11D3-BF4B-00C04F79EFBC}") = "Phoneword.iOS", "Phoneword\Phoneword.iOS\Phoneword.iOS.csproj", "{5FD60F84-895F-46E0-BFDA-98530F9ADBCA}"
EndProject
Global
	GlobalSection(SolutionConfigurationPlatforms) = preSolution
		Ad-Hoc|Any CPU = Ad-Hoc|Any CPU
		Ad-Hoc|iPhone = Ad-Hoc|iPhone
		Ad-Hoc|iPhoneSimulator = Ad-Hoc|iPhoneSimulator
		AppStore|Any CPU = AppStore|Any CPU
		AppStore|iPhone = AppStore|iPhone
		AppStore|iPhoneSimulator = AppStore|iPhoneSimulator
		Debug|Any CPU = Debug|Any CPU
		Debug|iPhone = Debug|iPhone
		Debug|iPhoneSimulator = Debug|iPhoneSimulator
		Release|Any CPU = Release|Any CPU
		Release|iPhone = Release|iPhone
		Release|iPhoneSimulator = Release|iPhoneSimulator
	EndGlobalSection
	GlobalSection(ProjectConfigurationPlatforms) = postSolution
		{745BFE9A-8BF0-4789-B62E-C5960C5BCDD2}.Ad-Hoc|Any CPU.ActiveCfg = Release|Any CPU
		{745BFE9A-8BF0-4789-B62E-C5960C5BCDD2}.Ad-Hoc|Any CPU.Build.0 = Release|Any CPU
		{745BFE9A-8BF0-4789-B62E-C5960C5BCDD2}.Ad-Hoc|Any CPU.Deploy.0 = Release|Any CPU
		{745BFE9A-8BF0-4789-B62E-C5960C5BCDD2}.Ad-Hoc|iPhone.ActiveCfg = Release|Any CPU
		{745BFE9A-8BF0-4789-B62E-C5960C5BCDD2}.Ad-Hoc|iPhone.Build.0 = Release|Any CPU
		{745BFE9A-8BF0-4789-B62E-C5960C5BCDD2}.Ad-Hoc|iPhone.Deploy.0 = Release|Any CPU
		{745BFE9A-8BF0-4789-B62E-C5960C5BCDD2}.Ad-Hoc|iPhoneSimulator.ActiveCfg = Release|Any CPU
		{745BFE9A-8BF0-4789-B62E-C5960C5BCDD2}.Ad-Hoc|iPhoneSimulator.Build.0 = Release|Any CPU
		{745BFE9A-8BF0-4789-B62E-C5960C5BCDD2}.Ad-Hoc|iPhoneSimulator.Deploy.0 = Release|Any CPU
		{745BFE9A-8BF0-4789-B62E-C5960C5BCDD2}.AppStore|Any CPU.ActiveCfg = Release|Any CPU
		{745BFE9A-8BF0-4789-B62E-C5960C5BCDD2}.AppStore|Any CPU.Build.0 = Release|Any CPU
		{745BFE9A-8BF0-4789-B62E-C5960C5BCDD2}.AppStore|Any CPU.Deploy.0 = Release|Any CPU
		{745BFE9A-8BF0-4789-B62E-C5960C5BCDD2}.AppStore|iPhone.ActiveCfg = Release|Any CPU
		{745BFE9A-8BF0-4789-B62E-C5960C5BCDD2}.AppStore|iPhone.Build.0 = Release|Any CPU
		{745BFE9A-8BF0-4789-B62E-C5960C5BCDD2}.AppStore|iPhone.Deploy.0 = Release|Any CPU
		{745BFE9A-8BF0-4789-B62E-C5960C5BCDD2}.AppStore|iPhoneSimulator.ActiveCfg = Release|Any CPU
		{745BFE9A-8BF0-4789-B62E-C5960C5BCDD2}.AppStore|iPhoneSimulator.Build.0 = Release|Any CPU
		{745BFE9A-8BF0-4789-B62E-C5960C5BCDD2}.AppStore|iPhoneSimulator.Deploy.0 = Release|Any CPU
		{745BFE9A-8BF0-4789-B62E-C5960C5BCDD2}.Debug|Any CPU.ActiveCfg = Debug|Any CPU
		{745BFE9A-8BF0-4789-B62E-C5960C5BCDD2}.Debug|Any CPU.Build.0 = Debug|Any CPU
		{745BFE9A-8BF0-4789-B62E-C5960C5BCDD2}.Debug|Any CPU.Deploy.0 = Debug|Any CPU
		{745BFE9A-8BF0-4789-B62E-C5960C5BCDD2}.Debug|iPhone.ActiveCfg = Debug|Any CPU
		{745BFE9A-8BF0-4789-B62E-C5960C5BCDD2}.Debug|iPhone.Build.0 = Debug|Any CPU
		{745BFE9A-8BF0-4789-B62E-C5960C5BCDD2}.Debug|iPhone.Deploy.0 = Debug|Any CPU
		{745BFE9A-8BF0-4789-B62E-C5960C5BCDD2}.Debug|iPhoneSimulator.ActiveCfg = Debug|Any CPU
		{745BFE9A-8BF0-4789-B62E-C5960C5BCDD2}.Debug|iPhoneSimulator.Build.0 = Debug|Any CPU
		{745BFE9A-8BF0-4789-B62E-C5960C5BCDD2}.Debug|iPhoneSimulator.Deploy.0 = Debug|Any CPU
		{745BFE9A-8BF0-4789-B62E-C5960C5BCDD2}.Release|Any CPU.ActiveCfg = Release|Any CPU
		{745BFE9A-8BF0-4789-B62E-C5960C5BCDD2}.Release|Any CPU.Build.0 = Release|Any CPU
		{745BFE9A-8BF0-4789-B62E-C5960C5BCDD2}.Release|Any CPU.Deploy.0 = Release|Any CPU
		{745BFE9A-8BF0-4789-B62E-C5960C5BCDD2}.Release|iPhone.ActiveCfg = Release|Any CPU
		{745BFE9A-8BF0-4789-B62E-C5960C5BCDD2}.Release|iPhone.Build.0 = Release|Any CPU
		{745BFE9A-8BF0-4789-B62E-C5960C5BCDD2}.Release|iPhone.Deploy.0 = Release|Any CPU
		{745BFE9A-8BF0-4789-B62E-C5960C5BCDD2}.Release|iPhoneSimulator.ActiveCfg = Release|Any CPU
		{745BFE9A-8BF0-4789-B62E-C5960C5BCDD2}.Release|iPhoneSimulator.Build.0 = Release|Any CPU
		{745BFE9A-8BF0-4789-B62E-C5960C5BCDD2}.Release|iPhoneSimulator.Deploy.0 = Release|Any CPU
		{ADC645F2-CB77-4564-8F09-7450A7C6E2E9}.Ad-Hoc|Any CPU.ActiveCfg = Ad-Hoc|iPhone
		{ADC645F2-CB77-4564-8F09-7450A7C6E2E9}.Ad-Hoc|iPhone.ActiveCfg = Ad-Hoc|iPhone
		{ADC645F2-CB77-4564-8F09-7450A7C6E2E9}.Ad-Hoc|iPhone.Build.0 = Ad-Hoc|iPhone
		{ADC645F2-CB77-4564-8F09-7450A7C6E2E9}.Ad-Hoc|iPhoneSimulator.ActiveCfg = Ad-Hoc|iPhoneSimulator
		{ADC645F2-CB77-4564-8F09-7450A7C6E2E9}.Ad-Hoc|iPhoneSimulator.Build.0 = Ad-Hoc|iPhoneSimulator
		{ADC645F2-CB77-4564-8F09-7450A7C6E2E9}.AppStore|Any CPU.ActiveCfg = AppStore|iPhone
		{ADC645F2-CB77-4564-8F09-7450A7C6E2E9}.AppStore|iPhone.ActiveCfg = AppStore|iPhone
		{ADC645F2-CB77-4564-8F09-7450A7C6E2E9}.AppStore|iPhone.Build.0 = AppStore|iPhone
		{ADC645F2-CB77-4564-8F09-7450A7C6E2E9}.AppStore|iPhoneSimulator.ActiveCfg = AppStore|iPhoneSimulator
		{ADC645F2-CB77-4564-8F09-7450A7C6E2E9}.AppStore|iPhoneSimulator.Build.0 = AppStore|iPhoneSimulator
		{ADC645F2-CB77-4564-8F09-7450A7C6E2E9}.Debug|Any CPU.ActiveCfg = Debug|iPhone
		{ADC645F2-CB77-4564-8F09-7450A7C6E2E9}.Debug|iPhone.ActiveCfg = Debug|iPhone
		{ADC645F2-CB77-4564-8F09-7450A7C6E2E9}.Debug|iPhone.Build.0 = Debug|iPhone
		{ADC645F2-CB77-4564-8F09-7450A7C6E2E9}.Debug|iPhoneSimulator.ActiveCfg = Debug|iPhoneSimulator
		{ADC645F2-CB77-4564-8F09-7450A7C6E2E9}.Debug|iPhoneSimulator.Build.0 = Debug|iPhoneSimulator
		{ADC645F2-CB77-4564-8F09-7450A7C6E2E9}.Release|Any CPU.ActiveCfg = Release|iPhone
		{ADC645F2-CB77-4564-8F09-7450A7C6E2E9}.Release|iPhone.ActiveCfg = Release|iPhone
		{ADC645F2-CB77-4564-8F09-7450A7C6E2E9}.Release|iPhone.Build.0 = Release|iPhone
		{ADC645F2-CB77-4564-8F09-7450A7C6E2E9}.Release|iPhoneSimulator.ActiveCfg = Release|iPhoneSimulator
		{ADC645F2-CB77-4564-8F09-7450A7C6E2E9}.Release|iPhoneSimulator.Build.0 = Release|iPhoneSimulator
		{F98C6FE6-0253-4B61-B837-501A80866205}.Ad-Hoc|Any CPU.ActiveCfg = Release|Any CPU
		{F98C6FE6-0253-4B61-B837-501A80866205}.Ad-Hoc|Any CPU.Build.0 = Release|Any CPU
		{F98C6FE6-0253-4B61-B837-501A80866205}.Ad-Hoc|iPhone.ActiveCfg = Release|Any CPU
		{F98C6FE6-0253-4B61-B837-501A80866205}.Ad-Hoc|iPhone.Build.0 = Release|Any CPU
		{F98C6FE6-0253-4B61-B837-501A80866205}.Ad-Hoc|iPhoneSimulator.ActiveCfg = Release|Any CPU
		{F98C6FE6-0253-4B61-B837-501A80866205}.Ad-Hoc|iPhoneSimulator.Build.0 = Release|Any CPU
		{F98C6FE6-0253-4B61-B837-501A80866205}.AppStore|Any CPU.ActiveCfg = Release|Any CPU
		{F98C6FE6-0253-4B61-B837-501A80866205}.AppStore|Any CPU.Build.0 = Release|Any CPU
		{F98C6FE6-0253-4B61-B837-501A80866205}.AppStore|iPhone.ActiveCfg = Release|Any CPU
		{F98C6FE6-0253-4B61-B837-501A80866205}.AppStore|iPhone.Build.0 = Release|Any CPU
		{F98C6FE6-0253-4B61-B837-501A80866205}.AppStore|iPhoneSimulator.ActiveCfg = Release|Any CPU
		{F98C6FE6-0253-4B61-B837-501A80866205}.AppStore|iPhoneSimulator.Build.0 = Release|Any CPU
		{F98C6FE6-0253-4B61-B837-501A80866205}.Debug|Any CPU.ActiveCfg = Debug|Any CPU
		{F98C6FE6-0253-4B61-B837-501A80866205}.Debug|Any CPU.Build.0 = Debug|Any CPU
		{F98C6FE6-0253-4B61-B837-501A80866205}.Debug|iPhone.ActiveCfg = Debug|Any CPU
		{F98C6FE6-0253-4B61-B837-501A80866205}.Debug|iPhone.Build.0 = Debug|Any CPU
		{F98C6FE6-0253-4B61-B837-501A80866205}.Debug|iPhoneSimulator.ActiveCfg = Debug|Any CPU
		{F98C6FE6-0253-4B61-B837-501A80866205}.Debug|iPhoneSimulator.Build.0 = Debug|Any CPU
		{F98C6FE6-0253-4B61-B837-501A80866205}.Release|Any CPU.ActiveCfg = Release|Any CPU
		{F98C6FE6-0253-4B61-B837-501A80866205}.Release|Any CPU.Build.0 = Release|Any CPU
		{F98C6FE6-0253-4B61-B837-501A80866205}.Release|iPhone.ActiveCfg = Release|Any CPU
		{F98C6FE6-0253-4B61-B837-501A80866205}.Release|iPhone.Build.0 = Release|Any CPU
		{F98C6FE6-0253-4B61-B837-501A80866205}.Release|iPhoneSimulator.ActiveCfg = Release|Any CPU
		{F98C6FE6-0253-4B61-B837-501A80866205}.Release|iPhoneSimulator.Build.0 = Release|Any CPU
		{9F4C62AF-32B4-470E-B87E-9A997CFA3CD0}.Ad-Hoc|Any CPU.ActiveCfg = Release|Any CPU
		{9F4C62AF-32B4-470E-B87E-9A997CFA3CD0}.Ad-Hoc|Any CPU.Build.0 = Release|Any CPU
		{9F4C62AF-32B4-470E-B87E-9A997CFA3CD0}.Ad-Hoc|Any CPU.Deploy.0 = Release|Any CPU
		{9F4C62AF-32B4-470E-B87E-9A997CFA3CD0}.Ad-Hoc|iPhone.ActiveCfg = Release|Any CPU
		{9F4C62AF-32B4-470E-B87E-9A997CFA3CD0}.Ad-Hoc|iPhone.Build.0 = Release|Any CPU
		{9F4C62AF-32B4-470E-B87E-9A997CFA3CD0}.Ad-Hoc|iPhone.Deploy.0 = Release|Any CPU
		{9F4C62AF-32B4-470E-B87E-9A997CFA3CD0}.Ad-Hoc|iPhoneSimulator.ActiveCfg = Release|Any CPU
		{9F4C62AF-32B4-470E-B87E-9A997CFA3CD0}.Ad-Hoc|iPhoneSimulator.Build.0 = Release|Any CPU
		{9F4C62AF-32B4-470E-B87E-9A997CFA3CD0}.Ad-Hoc|iPhoneSimulator.Deploy.0 = Release|Any CPU
		{9F4C62AF-32B4-470E-B87E-9A997CFA3CD0}.AppStore|Any CPU.ActiveCfg = Release|Any CPU
		{9F4C62AF-32B4-470E-B87E-9A997CFA3CD0}.AppStore|Any CPU.Build.0 = Release|Any CPU
		{9F4C62AF-32B4-470E-B87E-9A997CFA3CD0}.AppStore|Any CPU.Deploy.0 = Release|Any CPU
		{9F4C62AF-32B4-470E-B87E-9A997CFA3CD0}.AppStore|iPhone.ActiveCfg = Release|Any CPU
		{9F4C62AF-32B4-470E-B87E-9A997CFA3CD0}.AppStore|iPhone.Build.0 = Release|Any CPU
		{9F4C62AF-32B4-470E-B87E-9A997CFA3CD0}.AppStore|iPhone.Deploy.0 = Release|Any CPU
		{9F4C62AF-32B4-470E-B87E-9A997CFA3CD0}.AppStore|iPhoneSimulator.ActiveCfg = Release|Any CPU
		{9F4C62AF-32B4-470E-B87E-9A997CFA3CD0}.AppStore|iPhoneSimulator.Build.0 = Release|Any CPU
		{9F4C62AF-32B4-470E-B87E-9A997CFA3CD0}.AppStore|iPhoneSimulator.Deploy.0 = Release|Any CPU
		{9F4C62AF-32B4-470E-B87E-9A997CFA3CD0}.Debug|Any CPU.ActiveCfg = Debug|Any CPU
		{9F4C62AF-32B4-470E-B87E-9A997CFA3CD0}.Debug|Any CPU.Build.0 = Debug|Any CPU
		{9F4C62AF-32B4-470E-B87E-9A997CFA3CD0}.Debug|Any CPU.Deploy.0 = Debug|Any CPU
		{9F4C62AF-32B4-470E-B87E-9A997CFA3CD0}.Debug|iPhone.ActiveCfg = Debug|Any CPU
		{9F4C62AF-32B4-470E-B87E-9A997CFA3CD0}.Debug|iPhone.Build.0 = Debug|Any CPU
		{9F4C62AF-32B4-470E-B87E-9A997CFA3CD0}.Debug|iPhone.Deploy.0 = Debug|Any CPU
		{9F4C62AF-32B4-470E-B87E-9A997CFA3CD0}.Debug|iPhoneSimulator.ActiveCfg = Debug|Any CPU
		{9F4C62AF-32B4-470E-B87E-9A997CFA3CD0}.Debug|iPhoneSimulator.Build.0 = Debug|Any CPU
		{9F4C62AF-32B4-470E-B87E-9A997CFA3CD0}.Debug|iPhoneSimulator.Deploy.0 = Debug|Any CPU
		{9F4C62AF-32B4-470E-B87E-9A997CFA3CD0}.Release|Any CPU.ActiveCfg = Release|Any CPU
		{9F4C62AF-32B4-470E-B87E-9A997CFA3CD0}.Release|Any CPU.Build.0 = Release|Any CPU
		{9F4C62AF-32B4-470E-B87E-9A997CFA3CD0}.Release|Any CPU.Deploy.0 = Release|Any CPU
		{9F4C62AF-32B4-470E-B87E-9A997CFA3CD0}.Release|iPhone.ActiveCfg = Release|Any CPU
		{9F4C62AF-32B4-470E-B87E-9A997CFA3CD0}.Release|iPhone.Build.0 = Release|Any CPU
		{9F4C62AF-32B4-470E-B87E-9A997CFA3CD0}.Release|iPhone.Deploy.0 = Release|Any CPU
		{9F4C62AF-32B4-470E-B87E-9A997CFA3CD0}.Release|iPhoneSimulator.ActiveCfg = Release|Any CPU
		{9F4C62AF-32B4-470E-B87E-9A997CFA3CD0}.Release|iPhoneSimulator.Build.0 = Release|Any CPU
		{9F4C62AF-32B4-470E-B87E-9A997CFA3CD0}.Release|iPhoneSimulator.Deploy.0 = Release|Any CPU
		{5FD60F84-895F-46E0-BFDA-98530F9ADBCA}.Ad-Hoc|Any CPU.ActiveCfg = Ad-Hoc|iPhone
		{5FD60F84-895F-46E0-BFDA-98530F9ADBCA}.Ad-Hoc|iPhone.ActiveCfg = Ad-Hoc|iPhone
		{5FD60F84-895F-46E0-BFDA-98530F9ADBCA}.Ad-Hoc|iPhone.Build.0 = Ad-Hoc|iPhone
		{5FD60F84-895F-46E0-BFDA-98530F9ADBCA}.Ad-Hoc|iPhoneSimulator.ActiveCfg = Ad-Hoc|iPhoneSimulator
		{5FD60F84-895F-46E0-BFDA-98530F9ADBCA}.Ad-Hoc|iPhoneSimulator.Build.0 = Ad-Hoc|iPhoneSimulator
		{5FD60F84-895F-46E0-BFDA-98530F9ADBCA}.AppStore|Any CPU.ActiveCfg = AppStore|iPhone
		{5FD60F84-895F-46E0-BFDA-98530F9ADBCA}.AppStore|iPhone.ActiveCfg = AppStore|iPhone
		{5FD60F84-895F-46E0-BFDA-98530F9ADBCA}.AppStore|iPhone.Build.0 = AppStore|iPhone
		{5FD60F84-895F-46E0-BFDA-98530F9ADBCA}.AppStore|iPhoneSimulator.ActiveCfg = AppStore|iPhoneSimulator
		{5FD60F84-895F-46E0-BFDA-98530F9ADBCA}.AppStore|iPhoneSimulator.Build.0 = AppStore|iPhoneSimulator
		{5FD60F84-895F-46E0-BFDA-98530F9ADBCA}.Debug|Any CPU.ActiveCfg = Debug|iPhone
		{5FD60F84-895F-46E0-BFDA-98530F9ADBCA}.Debug|iPhone.ActiveCfg = Debug|iPhone
		{5FD60F84-895F-46E0-BFDA-98530F9ADBCA}.Debug|iPhone.Build.0 = Debug|iPhone
		{5FD60F84-895F-46E0-BFDA-98530F9ADBCA}.Debug|iPhoneSimulator.ActiveCfg = Debug|iPhoneSimulator
		{5FD60F84-895F-46E0-BFDA-98530F9ADBCA}.Debug|iPhoneSimulator.Build.0 = Debug|iPhoneSimulator
		{5FD60F84-895F-46E0-BFDA-98530F9ADBCA}.Release|Any CPU.ActiveCfg = Release|iPhone
		{5FD60F84-895F-46E0-BFDA-98530F9ADBCA}.Release|iPhone.ActiveCfg = Release|iPhone
		{5FD60F84-895F-46E0-BFDA-98530F9ADBCA}.Release|iPhone.Build.0 = Release|iPhone
		{5FD60F84-895F-46E0-BFDA-98530F9ADBCA}.Release|iPhoneSimulator.ActiveCfg = Release|iPhoneSimulator
		{5FD60F84-895F-46E0-BFDA-98530F9ADBCA}.Release|iPhoneSimulator.Build.0 = Release|iPhoneSimulator
	EndGlobalSection
	GlobalSection(SolutionProperties) = preSolution
		HideSolutionNode = FALSE
	EndGlobalSection
EndGlobal
