
Microsoft Visual Studio Solution File, Format Version 12.00
# Visual Studio 14
VisualStudioVersion = 14.0.25420.1
MinimumVisualStudioVersion = 10.0.40219.1
Project("{FAE04EC0-301F-11D3-BF4B-00C04F79EFBC}") = "Phoneword", "Phoneword\Phoneword.csproj", "{DCC4E3AA-3AD8-484E-BC68-5F042982E2EF}"
EndProject
Project("{FAE04EC0-301F-11D3-BF4B-00C04F79EFBC}") = "Chart.Droid", "Chart\Chart.Droid\Chart.Droid.csproj", "{5074EB3A-7D0A-465D-B9F8-A3813381A981}"
EndProject
Project("{FAE04EC0-301F-11D3-BF4B-00C04F79EFBC}") = "Chart", "Chart\Chart\Chart.csproj", "{56F886C9-3B9D-4B4A-A4A8-BB0AA7609712}"
EndProject
Global
	GlobalSection(SolutionConfigurationPlatforms) = preSolution
		Debug|Any CPU = Debug|Any CPU
		Debug|iPhone = Debug|iPhone
		Debug|iPhoneSimulator = Debug|iPhoneSimulator
		Release|Any CPU = Release|Any CPU
		Release|iPhone = Release|iPhone
		Release|iPhoneSimulator = Release|iPhoneSimulator
	EndGlobalSection
	GlobalSection(ProjectConfigurationPlatforms) = postSolution
		{DCC4E3AA-3AD8-484E-BC68-5F042982E2EF}.Debug|Any CPU.ActiveCfg = Debug|Any CPU
		{DCC4E3AA-3AD8-484E-BC68-5F042982E2EF}.Debug|Any CPU.Build.0 = Debug|Any CPU
		{DCC4E3AA-3AD8-484E-BC68-5F042982E2EF}.Debug|Any CPU.Deploy.0 = Debug|Any CPU
		{DCC4E3AA-3AD8-484E-BC68-5F042982E2EF}.Debug|iPhone.ActiveCfg = Debug|Any CPU
		{DCC4E3AA-3AD8-484E-BC68-5F042982E2EF}.Debug|iPhone.Build.0 = Debug|Any CPU
		{DCC4E3AA-3AD8-484E-BC68-5F042982E2EF}.Debug|iPhone.Deploy.0 = Debug|Any CPU
		{DCC4E3AA-3AD8-484E-BC68-5F042982E2EF}.Debug|iPhoneSimulator.ActiveCfg = Debug|Any CPU
		{DCC4E3AA-3AD8-484E-BC68-5F042982E2EF}.Debug|iPhoneSimulator.Build.0 = Debug|Any CPU
		{DCC4E3AA-3AD8-484E-BC68-5F042982E2EF}.Debug|iPhoneSimulator.Deploy.0 = Debug|Any CPU
		{DCC4E3AA-3AD8-484E-BC68-5F042982E2EF}.Release|Any CPU.ActiveCfg = Release|Any CPU
		{DCC4E3AA-3AD8-484E-BC68-5F042982E2EF}.Release|Any CPU.Build.0 = Release|Any CPU
		{DCC4E3AA-3AD8-484E-BC68-5F042982E2EF}.Release|Any CPU.Deploy.0 = Release|Any CPU
		{DCC4E3AA-3AD8-484E-BC68-5F042982E2EF}.Release|iPhone.ActiveCfg = Release|Any CPU
		{DCC4E3AA-3AD8-484E-BC68-5F042982E2EF}.Release|iPhone.Build.0 = Release|Any CPU
		{DCC4E3AA-3AD8-484E-BC68-5F042982E2EF}.Release|iPhone.Deploy.0 = Release|Any CPU
		{DCC4E3AA-3AD8-484E-BC68-5F042982E2EF}.Release|iPhoneSimulator.ActiveCfg = Release|Any CPU
		{DCC4E3AA-3AD8-484E-BC68-5F042982E2EF}.Release|iPhoneSimulator.Build.0 = Release|Any CPU
		{DCC4E3AA-3AD8-484E-BC68-5F042982E2EF}.Release|iPhoneSimulator.Deploy.0 = Release|Any CPU
		{5074EB3A-7D0A-465D-B9F8-A3813381A981}.Debug|Any CPU.ActiveCfg = Debug|Any CPU
		{5074EB3A-7D0A-465D-B9F8-A3813381A981}.Debug|Any CPU.Build.0 = Debug|Any CPU
		{5074EB3A-7D0A-465D-B9F8-A3813381A981}.Debug|Any CPU.Deploy.0 = Debug|Any CPU
		{5074EB3A-7D0A-465D-B9F8-A3813381A981}.Debug|iPhone.ActiveCfg = Debug|Any CPU
		{5074EB3A-7D0A-465D-B9F8-A3813381A981}.Debug|iPhone.Build.0 = Debug|Any CPU
		{5074EB3A-7D0A-465D-B9F8-A3813381A981}.Debug|iPhone.Deploy.0 = Debug|Any CPU
		{5074EB3A-7D0A-465D-B9F8-A3813381A981}.Debug|iPhoneSimulator.ActiveCfg = Debug|Any CPU
		{5074EB3A-7D0A-465D-B9F8-A3813381A981}.Debug|iPhoneSimulator.Build.0 = Debug|Any CPU
		{5074EB3A-7D0A-465D-B9F8-A3813381A981}.Debug|iPhoneSimulator.Deploy.0 = Debug|Any CPU
		{5074EB3A-7D0A-465D-B9F8-A3813381A981}.Release|Any CPU.ActiveCfg = Release|Any CPU
		{5074EB3A-7D0A-465D-B9F8-A3813381A981}.Release|Any CPU.Build.0 = Release|Any CPU
		{5074EB3A-7D0A-465D-B9F8-A3813381A981}.Release|Any CPU.Deploy.0 = Release|Any CPU
		{5074EB3A-7D0A-465D-B9F8-A3813381A981}.Release|iPhone.ActiveCfg = Release|Any CPU
		{5074EB3A-7D0A-465D-B9F8-A3813381A981}.Release|iPhone.Build.0 = Release|Any CPU
		{5074EB3A-7D0A-465D-B9F8-A3813381A981}.Release|iPhone.Deploy.0 = Release|Any CPU
		{5074EB3A-7D0A-465D-B9F8-A3813381A981}.Release|iPhoneSimulator.ActiveCfg = Release|Any CPU
		{5074EB3A-7D0A-465D-B9F8-A3813381A981}.Release|iPhoneSimulator.Build.0 = Release|Any CPU
		{5074EB3A-7D0A-465D-B9F8-A3813381A981}.Release|iPhoneSimulator.Deploy.0 = Release|Any CPU
		{56F886C9-3B9D-4B4A-A4A8-BB0AA7609712}.Debug|Any CPU.ActiveCfg = Debug|Any CPU
		{56F886C9-3B9D-4B4A-A4A8-BB0AA7609712}.Debug|Any CPU.Build.0 = Debug|Any CPU
		{56F886C9-3B9D-4B4A-A4A8-BB0AA7609712}.Debug|iPhone.ActiveCfg = Debug|Any CPU
		{56F886C9-3B9D-4B4A-A4A8-BB0AA7609712}.Debug|iPhone.Build.0 = Debug|Any CPU
		{56F886C9-3B9D-4B4A-A4A8-BB0AA7609712}.Debug|iPhoneSimulator.ActiveCfg = Debug|Any CPU
		{56F886C9-3B9D-4B4A-A4A8-BB0AA7609712}.Debug|iPhoneSimulator.Build.0 = Debug|Any CPU
		{56F886C9-3B9D-4B4A-A4A8-BB0AA7609712}.Release|Any CPU.ActiveCfg = Release|Any CPU
		{56F886C9-3B9D-4B4A-A4A8-BB0AA7609712}.Release|Any CPU.Build.0 = Release|Any CPU
		{56F886C9-3B9D-4B4A-A4A8-BB0AA7609712}.Release|iPhone.ActiveCfg = Release|Any CPU
		{56F886C9-3B9D-4B4A-A4A8-BB0AA7609712}.Release|iPhone.Build.0 = Release|Any CPU
		{56F886C9-3B9D-4B4A-A4A8-BB0AA7609712}.Release|iPhoneSimulator.ActiveCfg = Release|Any CPU
		{56F886C9-3B9D-4B4A-A4A8-BB0AA7609712}.Release|iPhoneSimulator.Build.0 = Release|Any CPU
	EndGlobalSection
	GlobalSection(SolutionProperties) = preSolution
		HideSolutionNode = FALSE
	EndGlobalSection
EndGlobal
